PODS:
  - AttributedStringStyle (1.0.0)
  - Nimble (8.0.4)
  - Quick (2.2.0)

DEPENDENCIES:
  - AttributedStringStyle (from `../`)
  - Nimble (~> 8.0)
  - Quick (~> 2.2)

SPEC REPOS:
  https://github.com/CocoaPods/Specs.git:
    - Nimble
    - Quick

EXTERNAL SOURCES:
  AttributedStringStyle:
    :path: "../"

SPEC CHECKSUMS:
  AttributedStringStyle: edd49f6e107a1320449adb207757e9794b2c0cff
  Nimble: 18d5360282923225d62b09d781f63abc1a0111fc
  Quick: 7fb19e13be07b5dfb3b90d4f9824c855a11af40e

PODFILE CHECKSUM: 5bbcd89df9abeabd55329e288ae087ba993efcee

COCOAPODS: 1.8.3
